<?xml version="1.0" encoding="utf-8"?>
<Project ToolsVersion="4.0" xmlns="http://schemas.microsoft.com/developer/msbuild/2003">
  <ItemGroup>
    <Filter Include="源文件">
      <UniqueIdentifier>{4FC737F1-C7A5-4376-A066-2A32D752A2FF}</UniqueIdentifier>
      <Extensions>cpp;c;cc;cxx;c++;cppm;ixx;def;odl;idl;hpj;bat;asm;asmx</Extensions>
    </Filter>
    <Filter Include="头文件">
      <UniqueIdentifier>{93995380-89BD-4b04-88EB-625FBE52EBFB}</UniqueIdentifier>
      <Extensions>h;hh;hpp;hxx;h++;hm;inl;inc;ipp;xsd</Extensions>
    </Filter>
    <Filter Include="资源文件">
      <UniqueIdentifier>{67DA6AB6-F800-4c08-8B7A-83BB121AAD01}</UniqueIdentifier>
      <Extensions>rc;ico;cur;bmp;dlg;rc2;rct;bin;rgs;gif;jpg;jpeg;jpe;resx;tiff;tif;png;wav;mfcribbon-ms</Extensions>
    </Filter>
  </ItemGroup>
  <ItemGroup>
    <ClCompile Include="include\Common\tstring.cpp">
      <Filter>源文件</Filter>
    </ClCompile>
    <ClCompile Include="include\muduo\net\InetAddress.cpp">
      <Filter>源文件</Filter>
    </ClCompile>
    <ClCompile Include="include\muduo\net\SocketFunction.cpp">
      <Filter>源文件</Filter>
    </ClCompile>
    <ClCompile Include="include\muduo\base\MyString.cpp">
      <Filter>源文件</Filter>
    </ClCompile>
    <ClCompile Include="include\muduo\base\Timestamp.cpp">
      <Filter>源文件</Filter>
    </ClCompile>
    <ClCompile Include="include\muduo\base\LogRecord.cpp">
      <Filter>源文件</Filter>
    </ClCompile>
    <ClCompile Include="include\muduo\net\EventLoop.cpp">
      <Filter>源文件</Filter>
    </ClCompile>
    <ClCompile Include="include\muduo\net\Poller.cpp">
      <Filter>源文件</Filter>
    </ClCompile>
    <ClCompile Include="include\muduo\net\Channel.cpp">
      <Filter>源文件</Filter>
    </ClCompile>
    <ClCompile Include="include\muduo\net\Buffer.cpp">
      <Filter>源文件</Filter>
    </ClCompile>
    <ClCompile Include="include\muduo\net\TcpConnection.cpp">
      <Filter>源文件</Filter>
    </ClCompile>
    <ClCompile Include="include\muduo\net\Acceptor.cpp">
      <Filter>源文件</Filter>
    </ClCompile>
    <ClCompile Include="include\muduo\net\TcpServer.cpp">
      <Filter>源文件</Filter>
    </ClCompile>
    <ClCompile Include="include\muduo\base\ThreadPool.cpp">
      <Filter>源文件</Filter>
    </ClCompile>
    <ClCompile Include="include\muduo\net\Connector.cpp">
      <Filter>源文件</Filter>
    </ClCompile>
    <ClCompile Include="include\muduo\net\TcpClient.cpp">
      <Filter>源文件</Filter>
    </ClCompile>
  </ItemGroup>
  <ItemGroup>
    <ClInclude Include="include\Common\ControlStyle.h">
      <Filter>头文件</Filter>
    </ClInclude>
    <ClInclude Include="include\Common\tstring.h">
      <Filter>头文件</Filter>
    </ClInclude>
    <ClInclude Include="include\muduo\base\MyString.h">
      <Filter>头文件</Filter>
    </ClInclude>
    <ClInclude Include="include\muduo\net\InetAddress.h">
      <Filter>头文件</Filter>
    </ClInclude>
    <ClInclude Include="include\muduo\net\SocketFunction.h">
      <Filter>头文件</Filter>
    </ClInclude>
    <ClInclude Include="include\muduo\base\Types.h">
      <Filter>头文件</Filter>
    </ClInclude>
    <ClInclude Include="include\muduo\base\Timestamp.h">
      <Filter>头文件</Filter>
    </ClInclude>
    <ClInclude Include="include\muduo\base\LogRecord.h">
      <Filter>头文件</Filter>
    </ClInclude>
    <ClInclude Include="include\muduo\base\Logging.h">
      <Filter>头文件</Filter>
    </ClInclude>
    <ClInclude Include="include\muduo\net\EventLoop.h">
      <Filter>头文件</Filter>
    </ClInclude>
    <ClInclude Include="include\muduo\net\Endian.h">
      <Filter>头文件</Filter>
    </ClInclude>
    <ClInclude Include="include\muduo\net\Poller.h">
      <Filter>头文件</Filter>
    </ClInclude>
    <ClInclude Include="include\muduo\net\Channel.h">
      <Filter>头文件</Filter>
    </ClInclude>
    <ClInclude Include="include\muduo\net\Buffer.h">
      <Filter>头文件</Filter>
    </ClInclude>
    <ClInclude Include="include\muduo\net\Callbacks.h">
      <Filter>头文件</Filter>
    </ClInclude>
    <ClInclude Include="include\muduo\net\TcpConnection.h">
      <Filter>头文件</Filter>
    </ClInclude>
    <ClInclude Include="include\muduo\net\Acceptor.h">
      <Filter>头文件</Filter>
    </ClInclude>
    <ClInclude Include="include\muduo\net\TcpServer.h">
      <Filter>头文件</Filter>
    </ClInclude>
    <ClInclude Include="include\muduo\base\ThreadPool.h">
      <Filter>头文件</Filter>
    </ClInclude>
    <ClInclude Include="include\muduo\net\Connector.h">
      <Filter>头文件</Filter>
    </ClInclude>
    <ClInclude Include="include\muduo\net\TcpClient.h">
      <Filter>头文件</Filter>
    </ClInclude>
  </ItemGroup>
</Project>